
Microsoft Visual Studio Solution File, Format Version 12.00
# Visual Studio Version 17
VisualStudioVersion = 17.5.33414.496
MinimumVisualStudioVersion = 10.0.40219.1
Project("{FAE04EC0-301F-11D3-BF4B-00C04F79EFBC}") = "Do-an-co-so", "Do-an-co-so\Do-an-co-so.csproj", "{D3F2BB38-02FE-475E-8545-A9D8ABAE7A25}"
EndProject
Global
	GlobalSection(SolutionConfigurationPlatforms) = preSolution
		Debug|Any CPU = Debug|Any CPU
		Release|Any CPU = Release|Any CPU
	EndGlobalSection
	GlobalSection(ProjectConfigurationPlatforms) = postSolution
		{D3F2BB38-02FE-475E-8545-A9D8ABAE7A25}.Debug|Any CPU.ActiveCfg = Debug|Any CPU
		{D3F2BB38-02FE-475E-8545-A9D8ABAE7A25}.Debug|Any CPU.Build.0 = Debug|Any CPU
		{D3F2BB38-02FE-475E-8545-A9D8ABAE7A25}.Release|Any CPU.ActiveCfg = Release|Any CPU
		{D3F2BB38-02FE-475E-8545-A9D8ABAE7A25}.Release|Any CPU.Build.0 = Release|Any CPU
	EndGlobalSection
	GlobalSection(SolutionProperties) = preSolution
		HideSolutionNode = FALSE
	EndGlobalSection
	GlobalSection(ExtensibilityGlobals) = postSolution
		SolutionGuid = {6029CE5B-26CE-45EC-8762-E1B6C1CB4B63}
	EndGlobalSection
EndGlobal
